# THIS IS AN AUTOGENERATED FILE. DO NOT EDIT THIS FILE DIRECTLY.
# yarn lockfile v1


"@dcloudio/uni-ui@^1.4.23":
  "integrity" "sha512-FJRkhL240gin9WvOunY38Yi2/0FzTLVlEI3dxcjzaV1oYa81o+IWEf/29YDiRrsHuvYDk9g600QgiZLC+A6ycA=="
  "resolved" "https://registry.npmmirror.com/@dcloudio/uni-ui/-/uni-ui-1.4.23.tgz"
  "version" "1.4.23"

"adler-32@~1.3.0":
  "integrity" "sha512-ynZ4w/nUUv5rrsR8UUGoe1VC9hZj6V5hU9Qw1HlMDJGEJw5S7TfTErWTjMys6M7vr0YWcPqs3qAr4ss0nDfP+A=="
  "resolved" "https://registry.npmjs.org/adler-32/-/adler-32-1.3.1.tgz"
  "version" "1.3.1"

"cfb@~1.2.1":
  "integrity" "sha512-KfdUZsSOw19/ObEWasvBP/Ac4reZvAGauZhs6S/gqNhXhI7cKwvlH7ulj+dOEYnca4bm4SGo8C1bTAQvnTjgQA=="
  "resolved" "https://registry.npmjs.org/cfb/-/cfb-1.2.2.tgz"
  "version" "1.2.2"
  dependencies:
    "adler-32" "~1.3.0"
    "crc-32" "~1.2.0"

"clipboard@^2.0.0":
  "integrity" "sha512-C+0bbOqkezLIsmWSvlsXS0Q0bmkugu7jcfMIACB+RDEntIzQIkdr148we28AfSloQLRdZlYL/QYyrq05j/3Faw=="
  "resolved" "https://registry.npmjs.org/clipboard/-/clipboard-2.0.11.tgz"
  "version" "2.0.11"
  dependencies:
    "good-listener" "^1.2.2"
    "select" "^1.1.2"
    "tiny-emitter" "^2.0.0"

"codepage@~1.15.0":
  "integrity" "sha512-3g6NUTPd/YtuuGrhMnOMRjFc+LJw/bnMp3+0r/Wcz3IXUuCosKRJvMphm5+Q+bvTVGcJJuRvVLuYba+WojaFaA=="
  "resolved" "https://registry.npmjs.org/codepage/-/codepage-1.15.0.tgz"
  "version" "1.15.0"

"crc-32@~1.2.0", "crc-32@~1.2.1":
  "integrity" "sha512-ROmzCKrTnOwybPcJApAA6WBWij23HVfGVNKqqrZpuyZOHqK2CwHSvpGuyt/UNNvaIjEd8X5IFGp4Mh+Ie1IHJQ=="
  "resolved" "https://registry.npmjs.org/crc-32/-/crc-32-1.2.2.tgz"
  "version" "1.2.2"

"delegate@^3.1.2":
  "integrity" "sha512-IofjkYBZaZivn0V8nnsMJGBr4jVLxHDheKSW88PyxS5QC4Vo9ZbZVvhzlSxY87fVq3STR6r+4cGepyHkcWOQSw=="
  "resolved" "https://registry.npmjs.org/delegate/-/delegate-3.2.0.tgz"
  "version" "3.2.0"

"frac@~1.1.2":
  "integrity" "sha512-w/XBfkibaTl3YDqASwfDUqkna4Z2p9cFSr1aHDt0WoMTECnRfBOv2WArlZILlqgWlmdIlALXGpM2AOhEk5W3IA=="
  "resolved" "https://registry.npmjs.org/frac/-/frac-1.1.2.tgz"
  "version" "1.1.2"

"good-listener@^1.2.2":
  "integrity" "sha512-goW1b+d9q/HIwbVYZzZ6SsTr4IgE+WA44A0GmPIQstuOrgsFcT7VEJ48nmr9GaRtNu0XTKacFLGnBPAM6Afouw=="
  "resolved" "https://registry.npmjs.org/good-listener/-/good-listener-1.2.2.tgz"
  "version" "1.2.2"
  dependencies:
    "delegate" "^3.1.2"

"select@^1.1.2":
  "integrity" "sha512-OwpTSOfy6xSs1+pwcNrv0RBMOzI39Lp3qQKUTPVVPRjCdNa5JH/oPRiqsesIskK8TVgmRiHwO4KXlV2Li9dANA=="
  "resolved" "https://registry.npmjs.org/select/-/select-1.1.2.tgz"
  "version" "1.1.2"

"ssf@~0.11.2":
  "integrity" "sha512-+idbmIXoYET47hH+d7dfm2epdOMUDjqcB4648sTZ+t2JwoyBFL/insLfB/racrDmsKB3diwsDA696pZMieAC5g=="
  "resolved" "https://registry.npmjs.org/ssf/-/ssf-0.11.2.tgz"
  "version" "0.11.2"
  dependencies:
    "frac" "~1.1.2"

"tiny-emitter@^2.0.0":
  "integrity" "sha512-NB6Dk1A9xgQPMoGqC5CVXn123gWyte215ONT5Pp5a0yt4nlEoO1ZWeCwpncaekPHXO60i47ihFnZPiRPjRMq4Q=="
  "resolved" "https://registry.npmjs.org/tiny-emitter/-/tiny-emitter-2.1.0.tgz"
  "version" "2.1.0"

"uni-read-pages@^1.0.5":
  "integrity" "sha512-GkrrZ0LX0vn9R5k6RKEi0Ez3Q3e2vUpjXQ8Z6/K/d28KudI9ajqgt8WEjQFlG5EPm1K6uTArN8LlqmZTEixDUA=="
  "resolved" "https://registry.npmjs.org/uni-read-pages/-/uni-read-pages-1.0.5.tgz"
  "version" "1.0.5"

"uni-simple-router@^2.0.7":
  "integrity" "sha512-8FKv5dw7Eoonm0gkO8udprrxzin0fNUI0+AvIphFkFRH5ZmP5ZWJ2pvnWzb2NiiqQSECTSU5VSB7HhvOSwD5eA=="
  "resolved" "https://registry.npmjs.org/uni-simple-router/-/uni-simple-router-2.0.7.tgz"
  "version" "2.0.7"

"uview-ui@^2.0.35":
  "integrity" "sha512-OfMttN3XkHvQosXfd8bjz8ASTvypPoGzBWmQZBJ871bYMCA7t2bDFPlzjbxUj/5ykAjKnZ8zMUapSwSisVt99g=="
  "resolved" "https://registry.npmmirror.com/uview-ui/-/uview-ui-2.0.35.tgz"
  "version" "2.0.35"

"vue-clipboard2@^0.3.3":
  "integrity" "sha512-aNWXIL2DKgJyY/1OOeITwAQz1fHaCIGvUFHf9h8UcoQBG5a74MkdhS/xqoYe7DNZdQmZRL+TAdIbtUs9OyVjbw=="
  "resolved" "https://registry.npmjs.org/vue-clipboard2/-/vue-clipboard2-0.3.3.tgz"
  "version" "0.3.3"
  dependencies:
    "clipboard" "^2.0.0"

"wmf@~1.0.1":
  "integrity" "sha512-/p9K7bEh0Dj6WbXg4JG0xvLQmIadrner1bi45VMJTfnbVHsc7yIajZyoSoK60/dtVBs12Fm6WkUI5/3WAVsNMw=="
  "resolved" "https://registry.npmjs.org/wmf/-/wmf-1.0.2.tgz"
  "version" "1.0.2"

"word@~0.3.0":
  "integrity" "sha512-OELeY0Q61OXpdUfTp+oweA/vtLVg5VDOXh+3he3PNzLGG/y0oylSOC1xRVj0+l4vQ3tj/bB1HVHv1ocXkQceFA=="
  "resolved" "https://registry.npmjs.org/word/-/word-0.3.0.tgz"
  "version" "0.3.0"

"xlsx@^0.18.5":
  "integrity" "sha512-dmg3LCjBPHZnQp5/F/+nnTa+miPJxUXB6vtk42YjBBKayDNagxGEeIdWApkYPOf3Z3pm3k62Knjzp7lMeTEtFQ=="
  "resolved" "https://registry.npmjs.org/xlsx/-/xlsx-0.18.5.tgz"
  "version" "0.18.5"
  dependencies:
    "adler-32" "~1.3.0"
    "cfb" "~1.2.1"
    "codepage" "~1.15.0"
    "crc-32" "~1.2.1"
    "ssf" "~0.11.2"
    "wmf" "~1.0.1"
    "word" "~0.3.0"
